
Microsoft Visual Studio Solution File, Format Version 12.00
# Visual Studio Version 17
VisualStudioVersion = 17.0.31903.59
MinimumVisualStudioVersion = 10.0.40219.1
Project("{FAE04EC0-301F-11D3-BF4B-00C04F79EFBC}") = "Administration", "Administration\Administration.csproj", "{6A766F1C-2B9F-4417-AEA9-40E41020B026}"
EndProject
Project("{FAE04EC0-301F-11D3-BF4B-00C04F79EFBC}") = "Http", "Http\Http.csproj", "{743E053A-2920-466C-9702-08849F489A9B}"
EndProject
Global
	GlobalSection(SolutionConfigurationPlatforms) = preSolution
		Debug|Any CPU = Debug|Any CPU
		Release|Any CPU = Release|Any CPU
	EndGlobalSection
	GlobalSection(SolutionProperties) = preSolution
		HideSolutionNode = FALSE
	EndGlobalSection
	GlobalSection(ProjectConfigurationPlatforms) = postSolution
		{6A766F1C-2B9F-4417-AEA9-40E41020B026}.Debug|Any CPU.ActiveCfg = Debug|Any CPU
		{6A766F1C-2B9F-4417-AEA9-40E41020B026}.Debug|Any CPU.Build.0 = Debug|Any CPU
		{6A766F1C-2B9F-4417-AEA9-40E41020B026}.Release|Any CPU.ActiveCfg = Release|Any CPU
		{6A766F1C-2B9F-4417-AEA9-40E41020B026}.Release|Any CPU.Build.0 = Release|Any CPU
		{743E053A-2920-466C-9702-08849F489A9B}.Debug|Any CPU.ActiveCfg = Debug|Any CPU
		{743E053A-2920-466C-9702-08849F489A9B}.Debug|Any CPU.Build.0 = Debug|Any CPU
		{743E053A-2920-466C-9702-08849F489A9B}.Release|Any CPU.ActiveCfg = Release|Any CPU
		{743E053A-2920-466C-9702-08849F489A9B}.Release|Any CPU.Build.0 = Release|Any CPU
	EndGlobalSection
EndGlobal
